// !$*UTF8*$!
{
	archiveVersion = 1;
	classes = {
	};
	objectVersion = 51;
	objects = {

/* Begin PBXBuildFile section */
		7E7A707C03655190A224A343 /* Pods_CurrentWeather_CurrentWeatherUITests.framework in Frameworks */ = {isa = PBXBuildFile; fileRef = 4D2F0734A360DE721E917EEC /* Pods_CurrentWeather_CurrentWeatherUITests.framework */; };
		8AF1634B24F9719E0021E1D7 /* AppDelegate.swift in Sources */ = {isa = PBXBuildFile; fileRef = 8AF1634A24F9719E0021E1D7 /* AppDelegate.swift */; };
		8AF1634F24F9719E0021E1D7 /* CurrentWeatherController.swift in Sources */ = {isa = PBXBuildFile; fileRef = 8AF1634E24F9719E0021E1D7 /* CurrentWeatherController.swift */; };
		8AF1635224F9719E0021E1D7 /* Main.storyboard in Resources */ = {isa = PBXBuildFile; fileRef = 8AF1635024F9719E0021E1D7 /* Main.storyboard */; };
		8AF1635424F971A70021E1D7 /* Assets.xcassets in Resources */ = {isa = PBXBuildFile; fileRef = 8AF1635324F971A70021E1D7 /* Assets.xcassets */; };
		8AF1635724F971A70021E1D7 /* LaunchScreen.storyboard in Resources */ = {isa = PBXBuildFile; fileRef = 8AF1635524F971A70021E1D7 /* LaunchScreen.storyboard */; };
		8AF1636D24F971A70021E1D7 /* CurrentWeatherUITests.swift in Sources */ = {isa = PBXBuildFile; fileRef = 8AF1636C24F971A70021E1D7 /* CurrentWeatherUITests.swift */; };
		8AF1637B24F974B00021E1D7 /* ForeCastViewController.swift in Sources */ = {isa = PBXBuildFile; fileRef = 8AF1637A24F974B00021E1D7 /* ForeCastViewController.swift */; };
		8AF1637E24F9750A0021E1D7 /* CurrentWeatherInteractor.swift in Sources */ = {isa = PBXBuildFile; fileRef = 8AF1637D24F9750A0021E1D7 /* CurrentWeatherInteractor.swift */; };
		8AF1638024F9751A0021E1D7 /* CurrentWeatherPresenter.swift in Sources */ = {isa = PBXBuildFile; fileRef = 8AF1637F24F9751A0021E1D7 /* CurrentWeatherPresenter.swift */; };
		8AF1638324F976480021E1D7 /* ForeCastPresenter.swift in Sources */ = {isa = PBXBuildFile; fileRef = 8AF1638224F976480021E1D7 /* ForeCastPresenter.swift */; };
		8AF1638524F976540021E1D7 /* ForeCastInteractor.swift in Sources */ = {isa = PBXBuildFile; fileRef = 8AF1638424F976540021E1D7 /* ForeCastInteractor.swift */; };
		8AF1639324F9804C0021E1D7 /* WeatherDataSourceProtocol.swift in Sources */ = {isa = PBXBuildFile; fileRef = 8AF1639224F9804C0021E1D7 /* WeatherDataSourceProtocol.swift */; };
		8AF1639524F980780021E1D7 /* APIWeatherDataSource.swift in Sources */ = {isa = PBXBuildFile; fileRef = 8AF1639424F980780021E1D7 /* APIWeatherDataSource.swift */; };
		8AF1639924F9F1EE0021E1D7 /* CurrentWeatherProtocol.swift in Sources */ = {isa = PBXBuildFile; fileRef = 8AF1639824F9F1EE0021E1D7 /* CurrentWeatherProtocol.swift */; };
		8AF1639C24F9F30E0021E1D7 /* MoyaProviderExtension.swift in Sources */ = {isa = PBXBuildFile; fileRef = 8AF1639B24F9F30E0021E1D7 /* MoyaProviderExtension.swift */; };
		8AF1639E24F9F6E10021E1D7 /* WeatherService.swift in Sources */ = {isa = PBXBuildFile; fileRef = 8AF1639D24F9F6E10021E1D7 /* WeatherService.swift */; };
		8AF163A024F9F9A10021E1D7 /* ResponseError.swift in Sources */ = {isa = PBXBuildFile; fileRef = 8AF1639F24F9F9A10021E1D7 /* ResponseError.swift */; };
		8AF163A324FAACC30021E1D7 /* CurrentWeatherInteractorTests.swift in Sources */ = {isa = PBXBuildFile; fileRef = 8AF163A224FAACC30021E1D7 /* CurrentWeatherInteractorTests.swift */; };
		8AF163A924FAB9520021E1D7 /* ForeCastTableViewCell.swift in Sources */ = {isa = PBXBuildFile; fileRef = 8AF163A724FAB9520021E1D7 /* ForeCastTableViewCell.swift */; };
		8AF163AA24FAB9520021E1D7 /* ForeCastTableViewCell.xib in Resources */ = {isa = PBXBuildFile; fileRef = 8AF163A824FAB9520021E1D7 /* ForeCastTableViewCell.xib */; };
		8AF163AC24FABA970021E1D7 /* ForeCastRouter.swift in Sources */ = {isa = PBXBuildFile; fileRef = 8AF163AB24FABA970021E1D7 /* ForeCastRouter.swift */; };
		8AF163AE24FABAB00021E1D7 /* ForeCastProtocol.swift in Sources */ = {isa = PBXBuildFile; fileRef = 8AF163AD24FABAB00021E1D7 /* ForeCastProtocol.swift */; };
		8AF163B024FABB5B0021E1D7 /* CurrentWeatherRouter.swift in Sources */ = {isa = PBXBuildFile; fileRef = 8AF163AF24FABB5B0021E1D7 /* CurrentWeatherRouter.swift */; };
		8AF163B224FAC5400021E1D7 /* CountryWeatherViewModel.swift in Sources */ = {isa = PBXBuildFile; fileRef = 8AF163B124FAC5400021E1D7 /* CountryWeatherViewModel.swift */; };
		8AF163B524FACDD90021E1D7 /* RxSwiftExtension.swift in Sources */ = {isa = PBXBuildFile; fileRef = 8AF163B424FACDD90021E1D7 /* RxSwiftExtension.swift */; };
		8AF163BA24FAE6030021E1D7 /* ObjectMapperModel.swift in Sources */ = {isa = PBXBuildFile; fileRef = 8AF163B924FAE6030021E1D7 /* ObjectMapperModel.swift */; };
		8AF163BD24FAEA090021E1D7 /* ImageUtils.swift in Sources */ = {isa = PBXBuildFile; fileRef = 8AF163BC24FAEA090021E1D7 /* ImageUtils.swift */; };
		8AF163BF24FB95100021E1D7 /* ForeCastWeatherModel.swift in Sources */ = {isa = PBXBuildFile; fileRef = 8AF163BE24FB95100021E1D7 /* ForeCastWeatherModel.swift */; };
		8AF163C124FB95200021E1D7 /* WeatherModel.swift in Sources */ = {isa = PBXBuildFile; fileRef = 8AF163C024FB95200021E1D7 /* WeatherModel.swift */; };
		8AF163C324FB95440021E1D7 /* TemperatureModel.swift in Sources */ = {isa = PBXBuildFile; fileRef = 8AF163C224FB95440021E1D7 /* TemperatureModel.swift */; };
		8AF163C524FB95E80021E1D7 /* ForeCastWeatherListModel.swift in Sources */ = {isa = PBXBuildFile; fileRef = 8AF163C424FB95E80021E1D7 /* ForeCastWeatherListModel.swift */; };
		8AF163C724FB9C1B0021E1D7 /* ForeCastWeatherViewModel.swift in Sources */ = {isa = PBXBuildFile; fileRef = 8AF163C624FB9C1B0021E1D7 /* ForeCastWeatherViewModel.swift */; };
		8AF163C924FB9C900021E1D7 /* ForeCastGroupViewModel.swift in Sources */ = {isa = PBXBuildFile; fileRef = 8AF163C824FB9C900021E1D7 /* ForeCastGroupViewModel.swift */; };
		8AF163CC24FBA4D70021E1D7 /* DateUtils.swift in Sources */ = {isa = PBXBuildFile; fileRef = 8AF163CB24FBA4D70021E1D7 /* DateUtils.swift */; };
		8AF163CE24FBA9A50021E1D7 /* BaseViewController.swift in Sources */ = {isa = PBXBuildFile; fileRef = 8AF163CD24FBA9A40021E1D7 /* BaseViewController.swift */; };
		8AF163D124FBB0540021E1D7 /* ForeCastWeatherHeader.swift in Sources */ = {isa = PBXBuildFile; fileRef = 8AF163D024FBB0540021E1D7 /* ForeCastWeatherHeader.swift */; };
		8AF163D424FBB0770021E1D7 /* BaseView.swift in Sources */ = {isa = PBXBuildFile; fileRef = 8AF163D324FBB0770021E1D7 /* BaseView.swift */; };
		8AF163D624FBB0B20021E1D7 /* ForeCastWeatherHeader.xib in Resources */ = {isa = PBXBuildFile; fileRef = 8AF163D524FBB0B20021E1D7 /* ForeCastWeatherHeader.xib */; };
		8AF163D824FBCEED0021E1D7 /* CurrentWeatherModels.swift in Sources */ = {isa = PBXBuildFile; fileRef = 8AF163D724FBCEED0021E1D7 /* CurrentWeatherModels.swift */; };
		8AF163DA24FBD0480021E1D7 /* ForeCastModels.swift in Sources */ = {isa = PBXBuildFile; fileRef = 8AF163D924FBD0480021E1D7 /* ForeCastModels.swift */; };
		8AF163DF24FBEEDD0021E1D7 /* MockCurrentWeatherPresenter.swift in Sources */ = {isa = PBXBuildFile; fileRef = 8AF163DE24FBEEDD0021E1D7 /* MockCurrentWeatherPresenter.swift */; };
		8AF163E124FBF0080021E1D7 /* CurrentWeatherPresenterTests.swift in Sources */ = {isa = PBXBuildFile; fileRef = 8AF163E024FBF0080021E1D7 /* CurrentWeatherPresenterTests.swift */; };
		8AF163E324FBF0AA0021E1D7 /* MockCurrentWeatherViewController.swift in Sources */ = {isa = PBXBuildFile; fileRef = 8AF163E224FBF0AA0021E1D7 /* MockCurrentWeatherViewController.swift */; };
		8AF163E824FC04640021E1D7 /* MockGetWeatherCityJSONResponse.swift in Sources */ = {isa = PBXBuildFile; fileRef = 8AF163E724FC04640021E1D7 /* MockGetWeatherCityJSONResponse.swift */; };
		8AF163ED24FC06340021E1D7 /* MockGetForeCastWeatherJSONResponse.swift in Sources */ = {isa = PBXBuildFile; fileRef = 8AF163EC24FC06340021E1D7 /* MockGetForeCastWeatherJSONResponse.swift */; };
		8AF163EF24FC07E90021E1D7 /* MockCurrentWeatherInteractor.swift in Sources */ = {isa = PBXBuildFile; fileRef = 8AF163EE24FC07E90021E1D7 /* MockCurrentWeatherInteractor.swift */; };
		8AF163F224FC0B1F0021E1D7 /* MockWeatherDataSource.swift in Sources */ = {isa = PBXBuildFile; fileRef = 8AF1638B24F97DE40021E1D7 /* MockWeatherDataSource.swift */; };
		8AF163FA24FC0B9D0021E1D7 /* ResponseError.swift in Sources */ = {isa = PBXBuildFile; fileRef = 8AF1639F24F9F9A10021E1D7 /* ResponseError.swift */; };
		8AF1640424FC0DD00021E1D7 /* CountryWeatherModel.swift in Sources */ = {isa = PBXBuildFile; fileRef = 8AF1638624F97BF10021E1D7 /* CountryWeatherModel.swift */; };
		8AF1640524FC0DD40021E1D7 /* BaseResponse.swift in Sources */ = {isa = PBXBuildFile; fileRef = 8AF163B724FACFB90021E1D7 /* BaseResponse.swift */; };
		8AF1640724FC160A0021E1D7 /* CurrentWeatherViewControllerTests.swift in Sources */ = {isa = PBXBuildFile; fileRef = 8AF1640624FC160A0021E1D7 /* CurrentWeatherViewControllerTests.swift */; };
		8AF1640A24FC21810021E1D7 /* ForeCastWeatherInteractorTests.swift in Sources */ = {isa = PBXBuildFile; fileRef = 8AF1640924FC21810021E1D7 /* ForeCastWeatherInteractorTests.swift */; };
		8AF1640D24FC21A90021E1D7 /* ForeCastWeatherPresenterTests.swift in Sources */ = {isa = PBXBuildFile; fileRef = 8AF1640C24FC21A90021E1D7 /* ForeCastWeatherPresenterTests.swift */; };
		8AF1640F24FC21B80021E1D7 /* ForeCastWeatherViewControllerTests.swift in Sources */ = {isa = PBXBuildFile; fileRef = 8AF1640E24FC21B80021E1D7 /* ForeCastWeatherViewControllerTests.swift */; };
		8AF1641224FC261B0021E1D7 /* MockForeCastInteractor.swift in Sources */ = {isa = PBXBuildFile; fileRef = 8AF1641124FC261B0021E1D7 /* MockForeCastInteractor.swift */; };
		8AF1641424FC265A0021E1D7 /* MockForeCastPresenter.swift in Sources */ = {isa = PBXBuildFile; fileRef = 8AF1641324FC265A0021E1D7 /* MockForeCastPresenter.swift */; };
		8AF1641624FC26730021E1D7 /* MockForeCastViewController.swift in Sources */ = {isa = PBXBuildFile; fileRef = 8AF1641524FC26730021E1D7 /* MockForeCastViewController.swift */; };
		8AF1641824FCA48F0021E1D7 /* CurrentWeatherWorker.swift in Sources */ = {isa = PBXBuildFile; fileRef = 8AF1641724FCA48F0021E1D7 /* CurrentWeatherWorker.swift */; };
		8AF1641C24FCAB450021E1D7 /* ForeCastWorker.swift in Sources */ = {isa = PBXBuildFile; fileRef = 8AF1641B24FCAB450021E1D7 /* ForeCastWorker.swift */; };
		8AF1642024FCB0F80021E1D7 /* CurrentWeatherWorkerTests.swift in Sources */ = {isa = PBXBuildFile; fileRef = 8AF1641F24FCB0F80021E1D7 /* CurrentWeatherWorkerTests.swift */; };
		8AF1642224FCB2490021E1D7 /* ForeCastWeatherWorkerTests.swift in Sources */ = {isa = PBXBuildFile; fileRef = 8AF1642124FCB2490021E1D7 /* ForeCastWeatherWorkerTests.swift */; };
		B678EC571C463FDC954ACF42 /* Pods_CurrentWeatherTests.framework in Frameworks */ = {isa = PBXBuildFile; fileRef = B124B8B1186FCC47BD81E306 /* Pods_CurrentWeatherTests.framework */; };
		EACF6840DE6E0363DBA5D3BB /* Pods_CurrentWeather.framework in Frameworks */ = {isa = PBXBuildFile; fileRef = FAA86B98531B59A90E60AF26 /* Pods_CurrentWeather.framework */; };
/* End PBXBuildFile section */

/* Begin PBXContainerItemProxy section */
		8AF1635E24F971A70021E1D7 /* PBXContainerItemProxy */ = {
			isa = PBXContainerItemProxy;
			containerPortal = 8AF1633F24F9719E0021E1D7 /* Project object */;
			proxyType = 1;
			remoteGlobalIDString = 8AF1634624F9719E0021E1D7;
			remoteInfo = CurrentWeather;
		};
		8AF1636924F971A70021E1D7 /* PBXContainerItemProxy */ = {
			isa = PBXContainerItemProxy;
			containerPortal = 8AF1633F24F9719E0021E1D7 /* Project object */;
			proxyType = 1;
			remoteGlobalIDString = 8AF1634624F9719E0021E1D7;
			remoteInfo = CurrentWeather;
		};
/* End PBXContainerItemProxy section */

/* Begin PBXFileReference section */
		18AB14659F7594FF0D9D477E /* Pods-CurrentWeather.release.xcconfig */ = {isa = PBXFileReference; includeInIndex = 1; lastKnownFileType = text.xcconfig; name = "Pods-CurrentWeather.release.xcconfig"; path = "Target Support Files/Pods-CurrentWeather/Pods-CurrentWeather.release.xcconfig"; sourceTree = "<group>"; };
		3A54BDC2B3F410E0EB4551DE /* Pods-CurrentWeatherTests.debug.xcconfig */ = {isa = PBXFileReference; includeInIndex = 1; lastKnownFileType = text.xcconfig; name = "Pods-CurrentWeatherTests.debug.xcconfig"; path = "Target Support Files/Pods-CurrentWeatherTests/Pods-CurrentWeatherTests.debug.xcconfig"; sourceTree = "<group>"; };
		4B49E20A072A0B167E85DB47 /* Pods-CurrentWeather-CurrentWeatherUITests.release.xcconfig */ = {isa = PBXFileReference; includeInIndex = 1; lastKnownFileType = text.xcconfig; name = "Pods-CurrentWeather-CurrentWeatherUITests.release.xcconfig"; path = "Target Support Files/Pods-CurrentWeather-CurrentWeatherUITests/Pods-CurrentWeather-CurrentWeatherUITests.release.xcconfig"; sourceTree = "<group>"; };
		4D2F0734A360DE721E917EEC /* Pods_CurrentWeather_CurrentWeatherUITests.framework */ = {isa = PBXFileReference; explicitFileType = wrapper.framework; includeInIndex = 0; path = Pods_CurrentWeather_CurrentWeatherUITests.framework; sourceTree = BUILT_PRODUCTS_DIR; };
		630BB2B5E5984E2E380BF456 /* Pods-CurrentWeatherTests.release.xcconfig */ = {isa = PBXFileReference; includeInIndex = 1; lastKnownFileType = text.xcconfig; name = "Pods-CurrentWeatherTests.release.xcconfig"; path = "Target Support Files/Pods-CurrentWeatherTests/Pods-CurrentWeatherTests.release.xcconfig"; sourceTree = "<group>"; };
		8AF1634724F9719E0021E1D7 /* CurrentWeather.app */ = {isa = PBXFileReference; explicitFileType = wrapper.application; includeInIndex = 0; path = CurrentWeather.app; sourceTree = BUILT_PRODUCTS_DIR; };
		8AF1634A24F9719E0021E1D7 /* AppDelegate.swift */ = {isa = PBXFileReference; lastKnownFileType = sourcecode.swift; path = AppDelegate.swift; sourceTree = "<group>"; };
		8AF1634E24F9719E0021E1D7 /* CurrentWeatherController.swift */ = {isa = PBXFileReference; lastKnownFileType = sourcecode.swift; path = CurrentWeatherController.swift; sourceTree = "<group>"; };
		8AF1635124F9719E0021E1D7 /* Base */ = {isa = PBXFileReference; lastKnownFileType = file.storyboard; name = Base; path = Base.lproj/Main.storyboard; sourceTree = "<group>"; };
		8AF1635324F971A70021E1D7 /* Assets.xcassets */ = {isa = PBXFileReference; lastKnownFileType = folder.assetcatalog; path = Assets.xcassets; sourceTree = "<group>"; };
		8AF1635624F971A70021E1D7 /* Base */ = {isa = PBXFileReference; lastKnownFileType = file.storyboard; name = Base; path = Base.lproj/LaunchScreen.storyboard; sourceTree = "<group>"; };
		8AF1635824F971A70021E1D7 /* Info.plist */ = {isa = PBXFileReference; lastKnownFileType = text.plist.xml; path = Info.plist; sourceTree = "<group>"; };
		8AF1635D24F971A70021E1D7 /* CurrentWeatherTests.xctest */ = {isa = PBXFileReference; explicitFileType = wrapper.cfbundle; includeInIndex = 0; path = CurrentWeatherTests.xctest; sourceTree = BUILT_PRODUCTS_DIR; };
		8AF1636324F971A70021E1D7 /* Info.plist */ = {isa = PBXFileReference; lastKnownFileType = text.plist.xml; path = Info.plist; sourceTree = "<group>"; };
		8AF1636824F971A70021E1D7 /* CurrentWeatherUITests.xctest */ = {isa = PBXFileReference; explicitFileType = wrapper.cfbundle; includeInIndex = 0; path = CurrentWeatherUITests.xctest; sourceTree = BUILT_PRODUCTS_DIR; };
		8AF1636C24F971A70021E1D7 /* CurrentWeatherUITests.swift */ = {isa = PBXFileReference; lastKnownFileType = sourcecode.swift; path = CurrentWeatherUITests.swift; sourceTree = "<group>"; };
		8AF1636E24F971A70021E1D7 /* Info.plist */ = {isa = PBXFileReference; lastKnownFileType = text.plist.xml; path = Info.plist; sourceTree = "<group>"; };
		8AF1637A24F974B00021E1D7 /* ForeCastViewController.swift */ = {isa = PBXFileReference; lastKnownFileType = sourcecode.swift; path = ForeCastViewController.swift; sourceTree = "<group>"; };
		8AF1637D24F9750A0021E1D7 /* CurrentWeatherInteractor.swift */ = {isa = PBXFileReference; lastKnownFileType = sourcecode.swift; path = CurrentWeatherInteractor.swift; sourceTree = "<group>"; };
		8AF1637F24F9751A0021E1D7 /* CurrentWeatherPresenter.swift */ = {isa = PBXFileReference; lastKnownFileType = sourcecode.swift; path = CurrentWeatherPresenter.swift; sourceTree = "<group>"; };
		8AF1638224F976480021E1D7 /* ForeCastPresenter.swift */ = {isa = PBXFileReference; lastKnownFileType = sourcecode.swift; path = ForeCastPresenter.swift; sourceTree = "<group>"; };
		8AF1638424F976540021E1D7 /* ForeCastInteractor.swift */ = {isa = PBXFileReference; lastKnownFileType = sourcecode.swift; path = ForeCastInteractor.swift; sourceTree = "<group>"; };
		8AF1638624F97BF10021E1D7 /* CountryWeatherModel.swift */ = {isa = PBXFileReference; lastKnownFileType = sourcecode.swift; path = CountryWeatherModel.swift; sourceTree = "<group>"; };
		8AF1638B24F97DE40021E1D7 /* MockWeatherDataSource.swift */ = {isa = PBXFileReference; lastKnownFileType = sourcecode.swift; path = MockWeatherDataSource.swift; sourceTree = "<group>"; };
		8AF1639224F9804C0021E1D7 /* WeatherDataSourceProtocol.swift */ = {isa = PBXFileReference; lastKnownFileType = sourcecode.swift; path = WeatherDataSourceProtocol.swift; sourceTree = "<group>"; };
		8AF1639424F980780021E1D7 /* APIWeatherDataSource.swift */ = {isa = PBXFileReference; lastKnownFileType = sourcecode.swift; path = APIWeatherDataSource.swift; sourceTree = "<group>"; };
		8AF1639824F9F1EE0021E1D7 /* CurrentWeatherProtocol.swift */ = {isa = PBXFileReference; lastKnownFileType = sourcecode.swift; path = CurrentWeatherProtocol.swift; sourceTree = "<group>"; };
		8AF1639B24F9F30E0021E1D7 /* MoyaProviderExtension.swift */ = {isa = PBXFileReference; lastKnownFileType = sourcecode.swift; path = MoyaProviderExtension.swift; sourceTree = "<group>"; };
		8AF1639D24F9F6E10021E1D7 /* WeatherService.swift */ = {isa = PBXFileReference; lastKnownFileType = sourcecode.swift; path = WeatherService.swift; sourceTree = "<group>"; };
		8AF1639F24F9F9A10021E1D7 /* ResponseError.swift */ = {isa = PBXFileReference; lastKnownFileType = sourcecode.swift; path = ResponseError.swift; sourceTree = "<group>"; };
		8AF163A224FAACC30021E1D7 /* CurrentWeatherInteractorTests.swift */ = {isa = PBXFileReference; lastKnownFileType = sourcecode.swift; path = CurrentWeatherInteractorTests.swift; sourceTree = "<group>"; };
		8AF163A724FAB9520021E1D7 /* ForeCastTableViewCell.swift */ = {isa = PBXFileReference; lastKnownFileType = sourcecode.swift; path = ForeCastTableViewCell.swift; sourceTree = "<group>"; };
		8AF163A824FAB9520021E1D7 /* ForeCastTableViewCell.xib */ = {isa = PBXFileReference; lastKnownFileType = file.xib; path = ForeCastTableViewCell.xib; sourceTree = "<group>"; };
		8AF163AB24FABA970021E1D7 /* ForeCastRouter.swift */ = {isa = PBXFileReference; lastKnownFileType = sourcecode.swift; path = ForeCastRouter.swift; sourceTree = "<group>"; };
		8AF163AD24FABAB00021E1D7 /* ForeCastProtocol.swift */ = {isa = PBXFileReference; lastKnownFileType = sourcecode.swift; path = ForeCastProtocol.swift; sourceTree = "<group>"; };
		8AF163AF24FABB5B0021E1D7 /* CurrentWeatherRouter.swift */ = {isa = PBXFileReference; lastKnownFileType = sourcecode.swift; path = CurrentWeatherRouter.swift; sourceTree = "<group>"; };
		8AF163B124FAC5400021E1D7 /* CountryWeatherViewModel.swift */ = {isa = PBXFileReference; lastKnownFileType = sourcecode.swift; path = CountryWeatherViewModel.swift; sourceTree = "<group>"; };
		8AF163B424FACDD90021E1D7 /* RxSwiftExtension.swift */ = {isa = PBXFileReference; lastKnownFileType = sourcecode.swift; path = RxSwiftExtension.swift; sourceTree = "<group>"; };
		8AF163B724FACFB90021E1D7 /* BaseResponse.swift */ = {isa = PBXFileReference; lastKnownFileType = sourcecode.swift; path = BaseResponse.swift; sourceTree = "<group>"; };
		8AF163B924FAE6030021E1D7 /* ObjectMapperModel.swift */ = {isa = PBXFileReference; lastKnownFileType = sourcecode.swift; path = ObjectMapperModel.swift; sourceTree = "<group>"; };
		8AF163BC24FAEA090021E1D7 /* ImageUtils.swift */ = {isa = PBXFileReference; lastKnownFileType = sourcecode.swift; path = ImageUtils.swift; sourceTree = "<group>"; };
		8AF163BE24FB95100021E1D7 /* ForeCastWeatherModel.swift */ = {isa = PBXFileReference; lastKnownFileType = sourcecode.swift; path = ForeCastWeatherModel.swift; sourceTree = "<group>"; };
		8AF163C024FB95200021E1D7 /* WeatherModel.swift */ = {isa = PBXFileReference; lastKnownFileType = sourcecode.swift; path = WeatherModel.swift; sourceTree = "<group>"; };
		8AF163C224FB95440021E1D7 /* TemperatureModel.swift */ = {isa = PBXFileReference; lastKnownFileType = sourcecode.swift; path = TemperatureModel.swift; sourceTree = "<group>"; };
		8AF163C424FB95E80021E1D7 /* ForeCastWeatherListModel.swift */ = {isa = PBXFileReference; lastKnownFileType = sourcecode.swift; path = ForeCastWeatherListModel.swift; sourceTree = "<group>"; };
		8AF163C624FB9C1B0021E1D7 /* ForeCastWeatherViewModel.swift */ = {isa = PBXFileReference; lastKnownFileType = sourcecode.swift; path = ForeCastWeatherViewModel.swift; sourceTree = "<group>"; };
		8AF163C824FB9C900021E1D7 /* ForeCastGroupViewModel.swift */ = {isa = PBXFileReference; lastKnownFileType = sourcecode.swift; path = ForeCastGroupViewModel.swift; sourceTree = "<group>"; };
		8AF163CB24FBA4D70021E1D7 /* DateUtils.swift */ = {isa = PBXFileReference; lastKnownFileType = sourcecode.swift; path = DateUtils.swift; sourceTree = "<group>"; };
		8AF163CD24FBA9A40021E1D7 /* BaseViewController.swift */ = {isa = PBXFileReference; lastKnownFileType = sourcecode.swift; path = BaseViewController.swift; sourceTree = "<group>"; };
		8AF163D024FBB0540021E1D7 /* ForeCastWeatherHeader.swift */ = {isa = PBXFileReference; lastKnownFileType = sourcecode.swift; path = ForeCastWeatherHeader.swift; sourceTree = "<group>"; };
		8AF163D324FBB0770021E1D7 /* BaseView.swift */ = {isa = PBXFileReference; lastKnownFileType = sourcecode.swift; path = BaseView.swift; sourceTree = "<group>"; };
		8AF163D524FBB0B20021E1D7 /* ForeCastWeatherHeader.xib */ = {isa = PBXFileReference; lastKnownFileType = file.xib; path = ForeCastWeatherHeader.xib; sourceTree = "<group>"; };
		8AF163D724FBCEED0021E1D7 /* CurrentWeatherModels.swift */ = {isa = PBXFileReference; lastKnownFileType = sourcecode.swift; path = CurrentWeatherModels.swift; sourceTree = "<group>"; };
		8AF163D924FBD0480021E1D7 /* ForeCastModels.swift */ = {isa = PBXFileReference; lastKnownFileType = sourcecode.swift; path = ForeCastModels.swift; sourceTree = "<group>"; };
		8AF163DE24FBEEDD0021E1D7 /* MockCurrentWeatherPresenter.swift */ = {isa = PBXFileReference; lastKnownFileType = sourcecode.swift; path = MockCurrentWeatherPresenter.swift; sourceTree = "<group>"; };
		8AF163E024FBF0080021E1D7 /* CurrentWeatherPresenterTests.swift */ = {isa = PBXFileReference; lastKnownFileType = sourcecode.swift; path = CurrentWeatherPresenterTests.swift; sourceTree = "<group>"; };
		8AF163E224FBF0AA0021E1D7 /* MockCurrentWeatherViewController.swift */ = {isa = PBXFileReference; lastKnownFileType = sourcecode.swift; path = MockCurrentWeatherViewController.swift; sourceTree = "<group>"; };
		8AF163E724FC04640021E1D7 /* MockGetWeatherCityJSONResponse.swift */ = {isa = PBXFileReference; lastKnownFileType = sourcecode.swift; path = MockGetWeatherCityJSONResponse.swift; sourceTree = "<group>"; };
		8AF163EC24FC06340021E1D7 /* MockGetForeCastWeatherJSONResponse.swift */ = {isa = PBXFileReference; lastKnownFileType = sourcecode.swift; path = MockGetForeCastWeatherJSONResponse.swift; sourceTree = "<group>"; };
		8AF163EE24FC07E90021E1D7 /* MockCurrentWeatherInteractor.swift */ = {isa = PBXFileReference; lastKnownFileType = sourcecode.swift; path = MockCurrentWeatherInteractor.swift; sourceTree = "<group>"; };
		8AF1640624FC160A0021E1D7 /* CurrentWeatherViewControllerTests.swift */ = {isa = PBXFileReference; lastKnownFileType = sourcecode.swift; path = CurrentWeatherViewControllerTests.swift; sourceTree = "<group>"; };
		8AF1640924FC21810021E1D7 /* ForeCastWeatherInteractorTests.swift */ = {isa = PBXFileReference; lastKnownFileType = sourcecode.swift; path = ForeCastWeatherInteractorTests.swift; sourceTree = "<group>"; };
		8AF1640C24FC21A90021E1D7 /* ForeCastWeatherPresenterTests.swift */ = {isa = PBXFileReference; lastKnownFileType = sourcecode.swift; path = ForeCastWeatherPresenterTests.swift; sourceTree = "<group>"; };
		8AF1640E24FC21B80021E1D7 /* ForeCastWeatherViewControllerTests.swift */ = {isa = PBXFileReference; lastKnownFileType = sourcecode.swift; path = ForeCastWeatherViewControllerTests.swift; sourceTree = "<group>"; };
		8AF1641124FC261B0021E1D7 /* MockForeCastInteractor.swift */ = {isa = PBXFileReference; lastKnownFileType = sourcecode.swift; path = MockForeCastInteractor.swift; sourceTree = "<group>"; };
		8AF1641324FC265A0021E1D7 /* MockForeCastPresenter.swift */ = {isa = PBXFileReference; lastKnownFileType = sourcecode.swift; path = MockForeCastPresenter.swift; sourceTree = "<group>"; };
		8AF1641524FC26730021E1D7 /* MockForeCastViewController.swift */ = {isa = PBXFileReference; lastKnownFileType = sourcecode.swift; path = MockForeCastViewController.swift; sourceTree = "<group>"; };
		8AF1641724FCA48F0021E1D7 /* CurrentWeatherWorker.swift */ = {isa = PBXFileReference; lastKnownFileType = sourcecode.swift; path = CurrentWeatherWorker.swift; sourceTree = "<group>"; };
		8AF1641B24FCAB450021E1D7 /* ForeCastWorker.swift */ = {isa = PBXFileReference; lastKnownFileType = sourcecode.swift; path = ForeCastWorker.swift; sourceTree = "<group>"; };
		8AF1641F24FCB0F80021E1D7 /* CurrentWeatherWorkerTests.swift */ = {isa = PBXFileReference; lastKnownFileType = sourcecode.swift; path = CurrentWeatherWorkerTests.swift; sourceTree = "<group>"; };
		8AF1642124FCB2490021E1D7 /* ForeCastWeatherWorkerTests.swift */ = {isa = PBXFileReference; lastKnownFileType = sourcecode.swift; path = ForeCastWeatherWorkerTests.swift; sourceTree = "<group>"; };
		8E367BA558D957A318470536 /* Pods-CurrentWeather.debug.xcconfig */ = {isa = PBXFileReference; includeInIndex = 1; lastKnownFileType = text.xcconfig; name = "Pods-CurrentWeather.debug.xcconfig"; path = "Target Support Files/Pods-CurrentWeather/Pods-CurrentWeather.debug.xcconfig"; sourceTree = "<group>"; };
		B124B8B1186FCC47BD81E306 /* Pods_CurrentWeatherTests.framework */ = {isa = PBXFileReference; explicitFileType = wrapper.framework; includeInIndex = 0; path = Pods_CurrentWeatherTests.framework; sourceTree = BUILT_PRODUCTS_DIR; };
		BA5166023A946A7FF8336B96 /* Pods-CurrentWeather-CurrentWeatherUITests.debug.xcconfig */ = {isa = PBXFileReference; includeInIndex = 1; lastKnownFileType = text.xcconfig; name = "Pods-CurrentWeather-CurrentWeatherUITests.debug.xcconfig"; path = "Target Support Files/Pods-CurrentWeather-CurrentWeatherUITests/Pods-CurrentWeather-CurrentWeatherUITests.debug.xcconfig"; sourceTree = "<group>"; };
		FAA86B98531B59A90E60AF26 /* Pods_CurrentWeather.framework */ = {isa = PBXFileReference; explicitFileType = wrapper.framework; includeInIndex = 0; path = Pods_CurrentWeather.framework; sourceTree = BUILT_PRODUCTS_DIR; };
/* End PBXFileReference section */

/* Begin PBXFrameworksBuildPhase section */
		8AF1634424F9719E0021E1D7 /* Frameworks */ = {
			isa = PBXFrameworksBuildPhase;
			buildActionMask = 2147483647;
			files = (
				EACF6840DE6E0363DBA5D3BB /* Pods_CurrentWeather.framework in Frameworks */,
			);
			runOnlyForDeploymentPostprocessing = 0;
		};
		8AF1635A24F971A70021E1D7 /* Frameworks */ = {
			isa = PBXFrameworksBuildPhase;
			buildActionMask = 2147483647;
			files = (
				B678EC571C463FDC954ACF42 /* Pods_CurrentWeatherTests.framework in Frameworks */,
			);
			runOnlyForDeploymentPostprocessing = 0;
		};
		8AF1636524F971A70021E1D7 /* Frameworks */ = {
			isa = PBXFrameworksBuildPhase;
			buildActionMask = 2147483647;
			files = (
				7E7A707C03655190A224A343 /* Pods_CurrentWeather_CurrentWeatherUITests.framework in Frameworks */,
			);
			runOnlyForDeploymentPostprocessing = 0;
		};
/* End PBXFrameworksBuildPhase section */

/* Begin PBXGroup section */
		361860226146ED5F4EEE6D05 /* Frameworks */ = {
			isa = PBXGroup;
			children = (
				FAA86B98531B59A90E60AF26 /* Pods_CurrentWeather.framework */,
				4D2F0734A360DE721E917EEC /* Pods_CurrentWeather_CurrentWeatherUITests.framework */,
				B124B8B1186FCC47BD81E306 /* Pods_CurrentWeatherTests.framework */,
			);
			name = Frameworks;
			sourceTree = "<group>";
		};
		75C7B68D2821DB4D6A7F3348 /* Pods */ = {
			isa = PBXGroup;
			children = (
				8E367BA558D957A318470536 /* Pods-CurrentWeather.debug.xcconfig */,
				18AB14659F7594FF0D9D477E /* Pods-CurrentWeather.release.xcconfig */,
				BA5166023A946A7FF8336B96 /* Pods-CurrentWeather-CurrentWeatherUITests.debug.xcconfig */,
				4B49E20A072A0B167E85DB47 /* Pods-CurrentWeather-CurrentWeatherUITests.release.xcconfig */,
				3A54BDC2B3F410E0EB4551DE /* Pods-CurrentWeatherTests.debug.xcconfig */,
				630BB2B5E5984E2E380BF456 /* Pods-CurrentWeatherTests.release.xcconfig */,
			);
			path = Pods;
			sourceTree = "<group>";
		};
		8AF1633E24F9719E0021E1D7 = {
			isa = PBXGroup;
			children = (
				8AF1634924F9719E0021E1D7 /* CurrentWeather */,
				8AF1636024F971A70021E1D7 /* CurrentWeatherTests */,
				8AF1636B24F971A70021E1D7 /* CurrentWeatherUITests */,
				8AF1634824F9719E0021E1D7 /* Products */,
				75C7B68D2821DB4D6A7F3348 /* Pods */,
				361860226146ED5F4EEE6D05 /* Frameworks */,
			);
			sourceTree = "<group>";
		};
		8AF1634824F9719E0021E1D7 /* Products */ = {
			isa = PBXGroup;
			children = (
				8AF1634724F9719E0021E1D7 /* CurrentWeather.app */,
				8AF1635D24F971A70021E1D7 /* CurrentWeatherTests.xctest */,
				8AF1636824F971A70021E1D7 /* CurrentWeatherUITests.xctest */,
			);
			name = Products;
			sourceTree = "<group>";
		};
		8AF1634924F9719E0021E1D7 /* CurrentWeather */ = {
			isa = PBXGroup;
			children = (
				8AF163D224FBB06B0021E1D7 /* Base */,
				8AF163CA24FB9CD20021E1D7 /* Scenes */,
				8AF163BB24FAE9FF0021E1D7 /* Utils */,
				8AF163B624FACFAE0021E1D7 /* Response */,
				8AF163B324FACDCB0021E1D7 /* Extension */,
				8AF163A524FAB6010021E1D7 /* ViewModel */,
				8AF163A424FAB5DE0021E1D7 /* Model */,
				8AF1639A24F9F2F90021E1D7 /* WebService */,
				8AF1639124F97E400021E1D7 /* DataSource */,
				8AF1634A24F9719E0021E1D7 /* AppDelegate.swift */,
				8AF1635024F9719E0021E1D7 /* Main.storyboard */,
				8AF1635324F971A70021E1D7 /* Assets.xcassets */,
				8AF1635524F971A70021E1D7 /* LaunchScreen.storyboard */,
				8AF1635824F971A70021E1D7 /* Info.plist */,
			);
			path = CurrentWeather;
			sourceTree = "<group>";
		};
		8AF1636024F971A70021E1D7 /* CurrentWeatherTests */ = {
			isa = PBXGroup;
			children = (
				8AF1640824FC21710021E1D7 /* Scene */,
				8AF163DB24FBEEBA0021E1D7 /* Helper */,
				8AF163E924FC05020021E1D7 /* DataSource */,
				8AF163E424FC03F70021E1D7 /* Resource */,
				8AF1636324F971A70021E1D7 /* Info.plist */,
			);
			path = CurrentWeatherTests;
			sourceTree = "<group>";
		};
		8AF1636B24F971A70021E1D7 /* CurrentWeatherUITests */ = {
			isa = PBXGroup;
			children = (
				8AF1636C24F971A70021E1D7 /* CurrentWeatherUITests.swift */,
				8AF1636E24F971A70021E1D7 /* Info.plist */,
			);
			path = CurrentWeatherUITests;
			sourceTree = "<group>";
		};
		8AF1637C24F974F50021E1D7 /* CurrentWeather */ = {
			isa = PBXGroup;
			children = (
				8AF1634E24F9719E0021E1D7 /* CurrentWeatherController.swift */,
				8AF1637D24F9750A0021E1D7 /* CurrentWeatherInteractor.swift */,
				8AF1637F24F9751A0021E1D7 /* CurrentWeatherPresenter.swift */,
				8AF1639824F9F1EE0021E1D7 /* CurrentWeatherProtocol.swift */,
				8AF163AF24FABB5B0021E1D7 /* CurrentWeatherRouter.swift */,
				8AF163D724FBCEED0021E1D7 /* CurrentWeatherModels.swift */,
				8AF1641724FCA48F0021E1D7 /* CurrentWeatherWorker.swift */,
			);
			path = CurrentWeather;
			sourceTree = "<group>";
		};
		8AF1638124F9761F0021E1D7 /* ForeCast */ = {
			isa = PBXGroup;
			children = (
				8AF163CF24FBB03E0021E1D7 /* View */,
				8AF163A624FAB93D0021E1D7 /* Cell */,
				8AF1637A24F974B00021E1D7 /* ForeCastViewController.swift */,
				8AF163D924FBD0480021E1D7 /* ForeCastModels.swift */,
				8AF1638224F976480021E1D7 /* ForeCastPresenter.swift */,
				8AF1638424F976540021E1D7 /* ForeCastInteractor.swift */,
				8AF163AB24FABA970021E1D7 /* ForeCastRouter.swift */,
				8AF163AD24FABAB00021E1D7 /* ForeCastProtocol.swift */,
				8AF1641B24FCAB450021E1D7 /* ForeCastWorker.swift */,
			);
			path = ForeCast;
			sourceTree = "<group>";
		};
		8AF1639124F97E400021E1D7 /* DataSource */ = {
			isa = PBXGroup;
			children = (
				8AF1639624F9808D0021E1D7 /* Protocol */,
				8AF1639424F980780021E1D7 /* APIWeatherDataSource.swift */,
			);
			path = DataSource;
			sourceTree = "<group>";
		};
		8AF1639624F9808D0021E1D7 /* Protocol */ = {
			isa = PBXGroup;
			children = (
				8AF1639224F9804C0021E1D7 /* WeatherDataSourceProtocol.swift */,
			);
			path = Protocol;
			sourceTree = "<group>";
		};
		8AF1639A24F9F2F90021E1D7 /* WebService */ = {
			isa = PBXGroup;
			children = (
				8AF1639D24F9F6E10021E1D7 /* WeatherService.swift */,
				8AF1639F24F9F9A10021E1D7 /* ResponseError.swift */,
			);
			path = WebService;
			sourceTree = "<group>";
		};
		8AF163A124FAACB20021E1D7 /* CurrentWeather */ = {
			isa = PBXGroup;
			children = (
				8AF163A224FAACC30021E1D7 /* CurrentWeatherInteractorTests.swift */,
				8AF163E024FBF0080021E1D7 /* CurrentWeatherPresenterTests.swift */,
				8AF1640624FC160A0021E1D7 /* CurrentWeatherViewControllerTests.swift */,
				8AF1641F24FCB0F80021E1D7 /* CurrentWeatherWorkerTests.swift */,
			);
			path = CurrentWeather;
			sourceTree = "<group>";
		};
		8AF163A424FAB5DE0021E1D7 /* Model */ = {
			isa = PBXGroup;
			children = (
				8AF1638624F97BF10021E1D7 /* CountryWeatherModel.swift */,
				8AF163B924FAE6030021E1D7 /* ObjectMapperModel.swift */,
				8AF163BE24FB95100021E1D7 /* ForeCastWeatherModel.swift */,
				8AF163C024FB95200021E1D7 /* WeatherModel.swift */,
				8AF163C224FB95440021E1D7 /* TemperatureModel.swift */,
				8AF163C424FB95E80021E1D7 /* ForeCastWeatherListModel.swift */,
			);
			path = Model;
			sourceTree = "<group>";
		};
		8AF163A524FAB6010021E1D7 /* ViewModel */ = {
			isa = PBXGroup;
			children = (
				8AF163B124FAC5400021E1D7 /* CountryWeatherViewModel.swift */,
				8AF163C624FB9C1B0021E1D7 /* ForeCastWeatherViewModel.swift */,
				8AF163C824FB9C900021E1D7 /* ForeCastGroupViewModel.swift */,
			);
			path = ViewModel;
			sourceTree = "<group>";
		};
		8AF163A624FAB93D0021E1D7 /* Cell */ = {
			isa = PBXGroup;
			children = (
				8AF163A724FAB9520021E1D7 /* ForeCastTableViewCell.swift */,
				8AF163A824FAB9520021E1D7 /* ForeCastTableViewCell.xib */,
			);
			path = Cell;
			sourceTree = "<group>";
		};
		8AF163B324FACDCB0021E1D7 /* Extension */ = {
			isa = PBXGroup;
			children = (
				8AF1639B24F9F30E0021E1D7 /* MoyaProviderExtension.swift */,
				8AF163B424FACDD90021E1D7 /* RxSwiftExtension.swift */,
			);
			path = Extension;
			sourceTree = "<group>";
		};
		8AF163B624FACFAE0021E1D7 /* Response */ = {
			isa = PBXGroup;
			children = (
				8AF163B724FACFB90021E1D7 /* BaseResponse.swift */,
			);
			path = Response;
			sourceTree = "<group>";
		};
		8AF163BB24FAE9FF0021E1D7 /* Utils */ = {
			isa = PBXGroup;
			children = (
				8AF163BC24FAEA090021E1D7 /* ImageUtils.swift */,
				8AF163CB24FBA4D70021E1D7 /* DateUtils.swift */,
			);
			path = Utils;
			sourceTree = "<group>";
		};
		8AF163CA24FB9CD20021E1D7 /* Scenes */ = {
			isa = PBXGroup;
			children = (
				8AF1638124F9761F0021E1D7 /* ForeCast */,
				8AF1637C24F974F50021E1D7 /* CurrentWeather */,
			);
			path = Scenes;
			sourceTree = "<group>";
		};
		8AF163CF24FBB03E0021E1D7 /* View */ = {
			isa = PBXGroup;
			children = (
				8AF163D024FBB0540021E1D7 /* ForeCastWeatherHeader.swift */,
				8AF163D524FBB0B20021E1D7 /* ForeCastWeatherHeader.xib */,
			);
			path = View;
			sourceTree = "<group>";
		};
		8AF163D224FBB06B0021E1D7 /* Base */ = {
			isa = PBXGroup;
			children = (
				8AF163CD24FBA9A40021E1D7 /* BaseViewController.swift */,
				8AF163D324FBB0770021E1D7 /* BaseView.swift */,
			);
			path = Base;
			sourceTree = "<group>";
		};
		8AF163DB24FBEEBA0021E1D7 /* Helper */ = {
			isa = PBXGroup;
			children = (
				8AF163DC24FBEEC00021E1D7 /* Scene */,
			);
			path = Helper;
			sourceTree = "<group>";
		};
		8AF163DC24FBEEC00021E1D7 /* Scene */ = {
			isa = PBXGroup;
			children = (
				8AF1641024FC25FB0021E1D7 /* ForeCast */,
				8AF163DD24FBEECA0021E1D7 /* CurrentWeather */,
			);
			path = Scene;
			sourceTree = "<group>";
		};
		8AF163DD24FBEECA0021E1D7 /* CurrentWeather */ = {
			isa = PBXGroup;
			children = (
				8AF163DE24FBEEDD0021E1D7 /* MockCurrentWeatherPresenter.swift */,
				8AF163E224FBF0AA0021E1D7 /* MockCurrentWeatherViewController.swift */,
				8AF163EE24FC07E90021E1D7 /* MockCurrentWeatherInteractor.swift */,
			);
			path = CurrentWeather;
			sourceTree = "<group>";
		};
		8AF163E424FC03F70021E1D7 /* Resource */ = {
			isa = PBXGroup;
			children = (
				8AF163E724FC04640021E1D7 /* MockGetWeatherCityJSONResponse.swift */,
				8AF163EC24FC06340021E1D7 /* MockGetForeCastWeatherJSONResponse.swift */,
			);
			path = Resource;
			sourceTree = "<group>";
		};
		8AF163E924FC05020021E1D7 /* DataSource */ = {
			isa = PBXGroup;
			children = (
				8AF1638B24F97DE40021E1D7 /* MockWeatherDataSource.swift */,
			);
			path = DataSource;
			sourceTree = "<group>";
		};
		8AF1640824FC21710021E1D7 /* Scene */ = {
			isa = PBXGroup;
			children = (
				8AF1640B24FC21870021E1D7 /* ForeCastWeather */,
				8AF163A124FAACB20021E1D7 /* CurrentWeather */,
			);
			path = Scene;
			sourceTree = "<group>";
		};
		8AF1640B24FC21870021E1D7 /* ForeCastWeather */ = {
			isa = PBXGroup;
			children = (
				8AF1640924FC21810021E1D7 /* ForeCastWeatherInteractorTests.swift */,
				8AF1640C24FC21A90021E1D7 /* ForeCastWeatherPresenterTests.swift */,
				8AF1640E24FC21B80021E1D7 /* ForeCastWeatherViewControllerTests.swift */,
				8AF1642124FCB2490021E1D7 /* ForeCastWeatherWorkerTests.swift */,
			);
			path = ForeCastWeather;
			sourceTree = "<group>";
		};
		8AF1641024FC25FB0021E1D7 /* ForeCast */ = {
			isa = PBXGroup;
			children = (
				8AF1641124FC261B0021E1D7 /* MockForeCastInteractor.swift */,
				8AF1641324FC265A0021E1D7 /* MockForeCastPresenter.swift */,
				8AF1641524FC26730021E1D7 /* MockForeCastViewController.swift */,
			);
			path = ForeCast;
			sourceTree = "<group>";
		};
/* End PBXGroup section */

/* Begin PBXNativeTarget section */
		8AF1634624F9719E0021E1D7 /* CurrentWeather */ = {
			isa = PBXNativeTarget;
			buildConfigurationList = 8AF1637124F971A70021E1D7 /* Build configuration list for PBXNativeTarget "CurrentWeather" */;
			buildPhases = (
				71B32605C379900286EC3843 /* [CP] Check Pods Manifest.lock */,
				8AF1634324F9719E0021E1D7 /* Sources */,
				8AF1634424F9719E0021E1D7 /* Frameworks */,
				8AF1634524F9719E0021E1D7 /* Resources */,
				34AEA5766E55ACD79FC2D5AE /* [CP] Embed Pods Frameworks */,
			);
			buildRules = (
			);
			dependencies = (
			);
			name = CurrentWeather;
			productName = CurrentWeather;
			productReference = 8AF1634724F9719E0021E1D7 /* CurrentWeather.app */;
			productType = "com.apple.product-type.application";
		};
		8AF1635C24F971A70021E1D7 /* CurrentWeatherTests */ = {
			isa = PBXNativeTarget;
			buildConfigurationList = 8AF1637424F971A70021E1D7 /* Build configuration list for PBXNativeTarget "CurrentWeatherTests" */;
			buildPhases = (
				2B47D585EEDFF515A317B82D /* [CP] Check Pods Manifest.lock */,
				8AF1635924F971A70021E1D7 /* Sources */,
				8AF1635A24F971A70021E1D7 /* Frameworks */,
				8AF1635B24F971A70021E1D7 /* Resources */,
				4E50977947659017649B8997 /* [CP] Embed Pods Frameworks */,
			);
			buildRules = (
			);
			dependencies = (
				8AF1635F24F971A70021E1D7 /* PBXTargetDependency */,
			);
			name = CurrentWeatherTests;
			productName = CurrentWeatherTests;
			productReference = 8AF1635D24F971A70021E1D7 /* CurrentWeatherTests.xctest */;
			productType = "com.apple.product-type.bundle.unit-test";
		};
		8AF1636724F971A70021E1D7 /* CurrentWeatherUITests */ = {
			isa = PBXNativeTarget;
			buildConfigurationList = 8AF1637724F971A70021E1D7 /* Build configuration list for PBXNativeTarget "CurrentWeatherUITests" */;
			buildPhases = (
				9ABDD0279373619F22BAB4C1 /* [CP] Check Pods Manifest.lock */,
				8AF1636424F971A70021E1D7 /* Sources */,
				8AF1636524F971A70021E1D7 /* Frameworks */,
				8AF1636624F971A70021E1D7 /* Resources */,
				57D773A8C34D85CFE0A1B7EF /* [CP] Embed Pods Frameworks */,
			);
			buildRules = (
			);
			dependencies = (
				8AF1636A24F971A70021E1D7 /* PBXTargetDependency */,
			);
			name = CurrentWeatherUITests;
			productName = CurrentWeatherUITests;
			productReference = 8AF1636824F971A70021E1D7 /* CurrentWeatherUITests.xctest */;
			productType = "com.apple.product-type.bundle.ui-testing";
		};
/* End PBXNativeTarget section */

/* Begin PBXProject section */
		8AF1633F24F9719E0021E1D7 /* Project object */ = {
			isa = PBXProject;
			attributes = {
				LastSwiftUpdateCheck = 1160;
				LastUpgradeCheck = 1160;
				ORGANIZATIONNAME = Teeramet;
				TargetAttributes = {
					8AF1634624F9719E0021E1D7 = {
						CreatedOnToolsVersion = 11.6;
					};
					8AF1635C24F971A70021E1D7 = {
						CreatedOnToolsVersion = 11.6;
						TestTargetID = 8AF1634624F9719E0021E1D7;
					};
					8AF1636724F971A70021E1D7 = {
						CreatedOnToolsVersion = 11.6;
						TestTargetID = 8AF1634624F9719E0021E1D7;
					};
				};
			};
			buildConfigurationList = 8AF1634224F9719E0021E1D7 /* Build configuration list for PBXProject "CurrentWeather" */;
			compatibilityVersion = "Xcode 9.3";
			developmentRegion = en;
			hasScannedForEncodings = 0;
			knownRegions = (
				en,
				Base,
			);
			mainGroup = 8AF1633E24F9719E0021E1D7;
			productRefGroup = 8AF1634824F9719E0021E1D7 /* Products */;
			projectDirPath = "";
			projectRoot = "";
			targets = (
				8AF1634624F9719E0021E1D7 /* CurrentWeather */,
				8AF1635C24F971A70021E1D7 /* CurrentWeatherTests */,
				8AF1636724F971A70021E1D7 /* CurrentWeatherUITests */,
			);
		};
/* End PBXProject section */

/* Begin PBXResourcesBuildPhase section */
		8AF1634524F9719E0021E1D7 /* Resources */ = {
			isa = PBXResourcesBuildPhase;
			buildActionMask = 2147483647;
			files = (
				8AF163AA24FAB9520021E1D7 /* ForeCastTableViewCell.xib in Resources */,
				8AF1635724F971A70021E1D7 /* LaunchScreen.storyboard in Resources */,
				8AF1635424F971A70021E1D7 /* Assets.xcassets in Resources */,
				8AF1635224F9719E0021E1D7 /* Main.storyboard in Resources */,
				8AF163D624FBB0B20021E1D7 /* ForeCastWeatherHeader.xib in Resources */,
			);
			runOnlyForDeploymentPostprocessing = 0;
		};
		8AF1635B24F971A70021E1D7 /* Resources */ = {
			isa = PBXResourcesBuildPhase;
			buildActionMask = 2147483647;
			files = (
			);
			runOnlyForDeploymentPostprocessing = 0;
		};
		8AF1636624F971A70021E1D7 /* Resources */ = {
			isa = PBXResourcesBuildPhase;
			buildActionMask = 2147483647;
			files = (
			);
			runOnlyForDeploymentPostprocessing = 0;
		};
/* End PBXResourcesBuildPhase section */

/* Begin PBXShellScriptBuildPhase section */
		2B47D585EEDFF515A317B82D /* [CP] Check Pods Manifest.lock */ = {
			isa = PBXShellScriptBuildPhase;
			buildActionMask = 2147483647;
			files = (
			);
			inputFileListPaths = (
			);
			inputPaths = (
				"${PODS_PODFILE_DIR_PATH}/Podfile.lock",
				"${PODS_ROOT}/Manifest.lock",
			);
			name = "[CP] Check Pods Manifest.lock";
			outputFileListPaths = (
			);
			outputPaths = (
				"$(DERIVED_FILE_DIR)/Pods-CurrentWeatherTests-checkManifestLockResult.txt",
			);
			runOnlyForDeploymentPostprocessing = 0;
			shellPath = /bin/sh;
			shellScript = "diff \"${PODS_PODFILE_DIR_PATH}/Podfile.lock\" \"${PODS_ROOT}/Manifest.lock\" > /dev/null\nif [ $? != 0 ] ; then\n    # print error to STDERR\n    echo \"error: The sandbox is not in sync with the Podfile.lock. Run 'pod install' or update your CocoaPods installation.\" >&2\n    exit 1\nfi\n# This output is used by Xcode 'outputs' to avoid re-running this script phase.\necho \"SUCCESS\" > \"${SCRIPT_OUTPUT_FILE_0}\"\n";
			showEnvVarsInLog = 0;
		};
		34AEA5766E55ACD79FC2D5AE /* [CP] Embed Pods Frameworks */ = {
			isa = PBXShellScriptBuildPhase;
			buildActionMask = 2147483647;
			files = (
			);
			inputFileListPaths = (
				"${PODS_ROOT}/Target Support Files/Pods-CurrentWeather/Pods-CurrentWeather-frameworks-${CONFIGURATION}-input-files.xcfilelist",
			);
			name = "[CP] Embed Pods Frameworks";
			outputFileListPaths = (
				"${PODS_ROOT}/Target Support Files/Pods-CurrentWeather/Pods-CurrentWeather-frameworks-${CONFIGURATION}-output-files.xcfilelist",
			);
			runOnlyForDeploymentPostprocessing = 0;
			shellPath = /bin/sh;
			shellScript = "\"${PODS_ROOT}/Target Support Files/Pods-CurrentWeather/Pods-CurrentWeather-frameworks.sh\"\n";
			showEnvVarsInLog = 0;
		};
		4E50977947659017649B8997 /* [CP] Embed Pods Frameworks */ = {
			isa = PBXShellScriptBuildPhase;
			buildActionMask = 2147483647;
			files = (
			);
			inputFileListPaths = (
				"${PODS_ROOT}/Target Support Files/Pods-CurrentWeatherTests/Pods-CurrentWeatherTests-frameworks-${CONFIGURATION}-input-files.xcfilelist",
			);
			name = "[CP] Embed Pods Frameworks";
			outputFileListPaths = (
				"${PODS_ROOT}/Target Support Files/Pods-CurrentWeatherTests/Pods-CurrentWeatherTests-frameworks-${CONFIGURATION}-output-files.xcfilelist",
			);
			runOnlyForDeploymentPostprocessing = 0;
			shellPath = /bin/sh;
			shellScript = "\"${PODS_ROOT}/Target Support Files/Pods-CurrentWeatherTests/Pods-CurrentWeatherTests-frameworks.sh\"\n";
			showEnvVarsInLog = 0;
		};
		57D773A8C34D85CFE0A1B7EF /* [CP] Embed Pods Frameworks */ = {
			isa = PBXShellScriptBuildPhase;
			buildActionMask = 2147483647;
			files = (
			);
			inputFileListPaths = (
				"${PODS_ROOT}/Target Support Files/Pods-CurrentWeather-CurrentWeatherUITests/Pods-CurrentWeather-CurrentWeatherUITests-frameworks-${CONFIGURATION}-input-files.xcfilelist",
			);
			name = "[CP] Embed Pods Frameworks";
			outputFileListPaths = (
				"${PODS_ROOT}/Target Support Files/Pods-CurrentWeather-CurrentWeatherUITests/Pods-CurrentWeather-CurrentWeatherUITests-frameworks-${CONFIGURATION}-output-files.xcfilelist",
			);
			runOnlyForDeploymentPostprocessing = 0;
			shellPath = /bin/sh;
			shellScript = "\"${PODS_ROOT}/Target Support Files/Pods-CurrentWeather-CurrentWeatherUITests/Pods-CurrentWeather-CurrentWeatherUITests-frameworks.sh\"\n";
			showEnvVarsInLog = 0;
		};
		71B32605C379900286EC3843 /* [CP] Check Pods Manifest.lock */ = {
			isa = PBXShellScriptBuildPhase;
			buildActionMask = 2147483647;
			files = (
			);
			inputFileListPaths = (
			);
			inputPaths = (
				"${PODS_PODFILE_DIR_PATH}/Podfile.lock",
				"${PODS_ROOT}/Manifest.lock",
			);
			name = "[CP] Check Pods Manifest.lock";
			outputFileListPaths = (
			);
			outputPaths = (
				"$(DERIVED_FILE_DIR)/Pods-CurrentWeather-checkManifestLockResult.txt",
			);
			runOnlyForDeploymentPostprocessing = 0;
			shellPath = /bin/sh;
			shellScript = "diff \"${PODS_PODFILE_DIR_PATH}/Podfile.lock\" \"${PODS_ROOT}/Manifest.lock\" > /dev/null\nif [ $? != 0 ] ; then\n    # print error to STDERR\n    echo \"error: The sandbox is not in sync with the Podfile.lock. Run 'pod install' or update your CocoaPods installation.\" >&2\n    exit 1\nfi\n# This output is used by Xcode 'outputs' to avoid re-running this script phase.\necho \"SUCCESS\" > \"${SCRIPT_OUTPUT_FILE_0}\"\n";
			showEnvVarsInLog = 0;
		};
		9ABDD0279373619F22BAB4C1 /* [CP] Check Pods Manifest.lock */ = {
			isa = PBXShellScriptBuildPhase;
			buildActionMask = 2147483647;
			files = (
			);
			inputFileListPaths = (
			);
			inputPaths = (
				"${PODS_PODFILE_DIR_PATH}/Podfile.lock",
				"${PODS_ROOT}/Manifest.lock",
			);
			name = "[CP] Check Pods Manifest.lock";
			outputFileListPaths = (
			);
			outputPaths = (
				"$(DERIVED_FILE_DIR)/Pods-CurrentWeather-CurrentWeatherUITests-checkManifestLockResult.txt",
			);
			runOnlyForDeploymentPostprocessing = 0;
			shellPath = /bin/sh;
			shellScript = "diff \"${PODS_PODFILE_DIR_PATH}/Podfile.lock\" \"${PODS_ROOT}/Manifest.lock\" > /dev/null\nif [ $? != 0 ] ; then\n    # print error to STDERR\n    echo \"error: The sandbox is not in sync with the Podfile.lock. Run 'pod install' or update your CocoaPods installation.\" >&2\n    exit 1\nfi\n# This output is used by Xcode 'outputs' to avoid re-running this script phase.\necho \"SUCCESS\" > \"${SCRIPT_OUTPUT_FILE_0}\"\n";
			showEnvVarsInLog = 0;
		};
/* End PBXShellScriptBuildPhase section */

/* Begin PBXSourcesBuildPhase section */
		8AF1634324F9719E0021E1D7 /* Sources */ = {
			isa = PBXSourcesBuildPhase;
			buildActionMask = 2147483647;
			files = (
				8AF163BA24FAE6030021E1D7 /* ObjectMapperModel.swift in Sources */,
				8AF163AC24FABA970021E1D7 /* ForeCastRouter.swift in Sources */,
				8AF163BF24FB95100021E1D7 /* ForeCastWeatherModel.swift in Sources */,
				8AF1640424FC0DD00021E1D7 /* CountryWeatherModel.swift in Sources */,
				8AF163A924FAB9520021E1D7 /* ForeCastTableViewCell.swift in Sources */,
				8AF163A024F9F9A10021E1D7 /* ResponseError.swift in Sources */,
				8AF1639E24F9F6E10021E1D7 /* WeatherService.swift in Sources */,
				8AF163BD24FAEA090021E1D7 /* ImageUtils.swift in Sources */,
				8AF1641824FCA48F0021E1D7 /* CurrentWeatherWorker.swift in Sources */,
				8AF163CE24FBA9A50021E1D7 /* BaseViewController.swift in Sources */,
				8AF163C924FB9C900021E1D7 /* ForeCastGroupViewModel.swift in Sources */,
				8AF1634F24F9719E0021E1D7 /* CurrentWeatherController.swift in Sources */,
				8AF1640524FC0DD40021E1D7 /* BaseResponse.swift in Sources */,
				8AF1639924F9F1EE0021E1D7 /* CurrentWeatherProtocol.swift in Sources */,
				8AF1641C24FCAB450021E1D7 /* ForeCastWorker.swift in Sources */,
				8AF163C124FB95200021E1D7 /* WeatherModel.swift in Sources */,
				8AF1634B24F9719E0021E1D7 /* AppDelegate.swift in Sources */,
				8AF163B024FABB5B0021E1D7 /* CurrentWeatherRouter.swift in Sources */,
				8AF163D424FBB0770021E1D7 /* BaseView.swift in Sources */,
				8AF163D824FBCEED0021E1D7 /* CurrentWeatherModels.swift in Sources */,
				8AF1639324F9804C0021E1D7 /* WeatherDataSourceProtocol.swift in Sources */,
				8AF1638524F976540021E1D7 /* ForeCastInteractor.swift in Sources */,
				8AF163AE24FABAB00021E1D7 /* ForeCastProtocol.swift in Sources */,
				8AF1638024F9751A0021E1D7 /* CurrentWeatherPresenter.swift in Sources */,
				8AF1639524F980780021E1D7 /* APIWeatherDataSource.swift in Sources */,
				8AF163C324FB95440021E1D7 /* TemperatureModel.swift in Sources */,
				8AF1637B24F974B00021E1D7 /* ForeCastViewController.swift in Sources */,
				8AF163C524FB95E80021E1D7 /* ForeCastWeatherListModel.swift in Sources */,
				8AF163CC24FBA4D70021E1D7 /* DateUtils.swift in Sources */,
				8AF163B524FACDD90021E1D7 /* RxSwiftExtension.swift in Sources */,
				8AF163C724FB9C1B0021E1D7 /* ForeCastWeatherViewModel.swift in Sources */,
				8AF163DA24FBD0480021E1D7 /* ForeCastModels.swift in Sources */,
				8AF163B224FAC5400021E1D7 /* CountryWeatherViewModel.swift in Sources */,
				8AF1639C24F9F30E0021E1D7 /* MoyaProviderExtension.swift in Sources */,
				8AF163D124FBB0540021E1D7 /* ForeCastWeatherHeader.swift in Sources */,
				8AF1637E24F9750A0021E1D7 /* CurrentWeatherInteractor.swift in Sources */,
				8AF1638324F976480021E1D7 /* ForeCastPresenter.swift in Sources */,
			);
			runOnlyForDeploymentPostprocessing = 0;
		};
		8AF1635924F971A70021E1D7 /* Sources */ = {
			isa = PBXSourcesBuildPhase;
			buildActionMask = 2147483647;
			files = (
				8AF1641424FC265A0021E1D7 /* MockForeCastPresenter.swift in Sources */,
				8AF163E124FBF0080021E1D7 /* CurrentWeatherPresenterTests.swift in Sources */,
				8AF1640724FC160A0021E1D7 /* CurrentWeatherViewControllerTests.swift in Sources */,
				8AF163EF24FC07E90021E1D7 /* MockCurrentWeatherInteractor.swift in Sources */,
				8AF1640A24FC21810021E1D7 /* ForeCastWeatherInteractorTests.swift in Sources */,
				8AF1640D24FC21A90021E1D7 /* ForeCastWeatherPresenterTests.swift in Sources */,
				8AF1641624FC26730021E1D7 /* MockForeCastViewController.swift in Sources */,
				8AF163E324FBF0AA0021E1D7 /* MockCurrentWeatherViewController.swift in Sources */,
				8AF163F224FC0B1F0021E1D7 /* MockWeatherDataSource.swift in Sources */,
				8AF163ED24FC06340021E1D7 /* MockGetForeCastWeatherJSONResponse.swift in Sources */,
				8AF163E824FC04640021E1D7 /* MockGetWeatherCityJSONResponse.swift in Sources */,
				8AF1640F24FC21B80021E1D7 /* ForeCastWeatherViewControllerTests.swift in Sources */,
				8AF163A324FAACC30021E1D7 /* CurrentWeatherInteractorTests.swift in Sources */,
				8AF1642224FCB2490021E1D7 /* ForeCastWeatherWorkerTests.swift in Sources */,
				8AF163DF24FBEEDD0021E1D7 /* MockCurrentWeatherPresenter.swift in Sources */,
				8AF163FA24FC0B9D0021E1D7 /* ResponseError.swift in Sources */,
				8AF1641224FC261B0021E1D7 /* MockForeCastInteractor.swift in Sources */,
				8AF1642024FCB0F80021E1D7 /* CurrentWeatherWorkerTests.swift in Sources */,
			);
			runOnlyForDeploymentPostprocessing = 0;
		};
		8AF1636424F971A70021E1D7 /* Sources */ = {
			isa = PBXSourcesBuildPhase;
			buildActionMask = 2147483647;
			files = (
				8AF1636D24F971A70021E1D7 /* CurrentWeatherUITests.swift in Sources */,
			);
			runOnlyForDeploymentPostprocessing = 0;
		};
/* End PBXSourcesBuildPhase section */

/* Begin PBXTargetDependency section */
		8AF1635F24F971A70021E1D7 /* PBXTargetDependency */ = {
			isa = PBXTargetDependency;
			target = 8AF1634624F9719E0021E1D7 /* CurrentWeather */;
			targetProxy = 8AF1635E24F971A70021E1D7 /* PBXContainerItemProxy */;
		};
		8AF1636A24F971A70021E1D7 /* PBXTargetDependency */ = {
			isa = PBXTargetDependency;
			target = 8AF1634624F9719E0021E1D7 /* CurrentWeather */;
			targetProxy = 8AF1636924F971A70021E1D7 /* PBXContainerItemProxy */;
		};
/* End PBXTargetDependency section */

/* Begin PBXVariantGroup section */
		8AF1635024F9719E0021E1D7 /* Main.storyboard */ = {
			isa = PBXVariantGroup;
			children = (
				8AF1635124F9719E0021E1D7 /* Base */,
			);
			name = Main.storyboard;
			sourceTree = "<group>";
		};
		8AF1635524F971A70021E1D7 /* LaunchScreen.storyboard */ = {
			isa = PBXVariantGroup;
			children = (
				8AF1635624F971A70021E1D7 /* Base */,
			);
			name = LaunchScreen.storyboard;
			sourceTree = "<group>";
		};
/* End PBXVariantGroup section */

/* Begin XCBuildConfiguration section */
		8AF1636F24F971A70021E1D7 /* Debug */ = {
			isa = XCBuildConfiguration;
			buildSettings = {
				ALWAYS_SEARCH_USER_PATHS = NO;
				CLANG_ANALYZER_NONNULL = YES;
				CLANG_ANALYZER_NUMBER_OBJECT_CONVERSION = YES_AGGRESSIVE;
				CLANG_CXX_LANGUAGE_STANDARD = "gnu++14";
				CLANG_CXX_LIBRARY = "libc++";
				CLANG_ENABLE_MODULES = YES;
				CLANG_ENABLE_OBJC_ARC = YES;
				CLANG_ENABLE_OBJC_WEAK = YES;
				CLANG_WARN_BLOCK_CAPTURE_AUTORELEASING = YES;
				CLANG_WARN_BOOL_CONVERSION = YES;
				CLANG_WARN_COMMA = YES;
				CLANG_WARN_CONSTANT_CONVERSION = YES;
				CLANG_WARN_DEPRECATED_OBJC_IMPLEMENTATIONS = YES;
				CLANG_WARN_DIRECT_OBJC_ISA_USAGE = YES_ERROR;
				CLANG_WARN_DOCUMENTATION_COMMENTS = YES;
				CLANG_WARN_EMPTY_BODY = YES;
				CLANG_WARN_ENUM_CONVERSION = YES;
				CLANG_WARN_INFINITE_RECURSION = YES;
				CLANG_WARN_INT_CONVERSION = YES;
				CLANG_WARN_NON_LITERAL_NULL_CONVERSION = YES;
				CLANG_WARN_OBJC_IMPLICIT_RETAIN_SELF = YES;
				CLANG_WARN_OBJC_LITERAL_CONVERSION = YES;
				CLANG_WARN_OBJC_ROOT_CLASS = YES_ERROR;
				CLANG_WARN_RANGE_LOOP_ANALYSIS = YES;
				CLANG_WARN_STRICT_PROTOTYPES = YES;
				CLANG_WARN_SUSPICIOUS_MOVE = YES;
				CLANG_WARN_UNGUARDED_AVAILABILITY = YES_AGGRESSIVE;
				CLANG_WARN_UNREACHABLE_CODE = YES;
				CLANG_WARN__DUPLICATE_METHOD_MATCH = YES;
				COPY_PHASE_STRIP = NO;
				DEBUG_INFORMATION_FORMAT = dwarf;
				ENABLE_STRICT_OBJC_MSGSEND = YES;
				ENABLE_TESTABILITY = YES;
				GCC_C_LANGUAGE_STANDARD = gnu11;
				GCC_DYNAMIC_NO_PIC = NO;
				GCC_NO_COMMON_BLOCKS = YES;
				GCC_OPTIMIZATION_LEVEL = 0;
				GCC_PREPROCESSOR_DEFINITIONS = (
					"DEBUG=1",
					"$(inherited)",
				);
				GCC_WARN_64_TO_32_BIT_CONVERSION = YES;
				GCC_WARN_ABOUT_RETURN_TYPE = YES_ERROR;
				GCC_WARN_UNDECLARED_SELECTOR = YES;
				GCC_WARN_UNINITIALIZED_AUTOS = YES_AGGRESSIVE;
				GCC_WARN_UNUSED_FUNCTION = YES;
				GCC_WARN_UNUSED_VARIABLE = YES;
				IPHONEOS_DEPLOYMENT_TARGET = 13.6;
				MTL_ENABLE_DEBUG_INFO = INCLUDE_SOURCE;
				MTL_FAST_MATH = YES;
				ONLY_ACTIVE_ARCH = YES;
				SDKROOT = iphoneos;
				SWIFT_ACTIVE_COMPILATION_CONDITIONS = DEBUG;
				SWIFT_OPTIMIZATION_LEVEL = "-Onone";
			};
			name = Debug;
		};
		8AF1637024F971A70021E1D7 /* Release */ = {
			isa = XCBuildConfiguration;
			buildSettings = {
				ALWAYS_SEARCH_USER_PATHS = NO;
				CLANG_ANALYZER_NONNULL = YES;
				CLANG_ANALYZER_NUMBER_OBJECT_CONVERSION = YES_AGGRESSIVE;
				CLANG_CXX_LANGUAGE_STANDARD = "gnu++14";
				CLANG_CXX_LIBRARY = "libc++";
				CLANG_ENABLE_MODULES = YES;
				CLANG_ENABLE_OBJC_ARC = YES;
				CLANG_ENABLE_OBJC_WEAK = YES;
				CLANG_WARN_BLOCK_CAPTURE_AUTORELEASING = YES;
				CLANG_WARN_BOOL_CONVERSION = YES;
				CLANG_WARN_COMMA = YES;
				CLANG_WARN_CONSTANT_CONVERSION = YES;
				CLANG_WARN_DEPRECATED_OBJC_IMPLEMENTATIONS = YES;
				CLANG_WARN_DIRECT_OBJC_ISA_USAGE = YES_ERROR;
				CLANG_WARN_DOCUMENTATION_COMMENTS = YES;
				CLANG_WARN_EMPTY_BODY = YES;
				CLANG_WARN_ENUM_CONVERSION = YES;
				CLANG_WARN_INFINITE_RECURSION = YES;
				CLANG_WARN_INT_CONVERSION = YES;
				CLANG_WARN_NON_LITERAL_NULL_CONVERSION = YES;
				CLANG_WARN_OBJC_IMPLICIT_RETAIN_SELF = YES;
				CLANG_WARN_OBJC_LITERAL_CONVERSION = YES;
				CLANG_WARN_OBJC_ROOT_CLASS = YES_ERROR;
				CLANG_WARN_RANGE_LOOP_ANALYSIS = YES;
				CLANG_WARN_STRICT_PROTOTYPES = YES;
				CLANG_WARN_SUSPICIOUS_MOVE = YES;
				CLANG_WARN_UNGUARDED_AVAILABILITY = YES_AGGRESSIVE;
				CLANG_WARN_UNREACHABLE_CODE = YES;
				CLANG_WARN__DUPLICATE_METHOD_MATCH = YES;
				COPY_PHASE_STRIP = NO;
				DEBUG_INFORMATION_FORMAT = "dwarf-with-dsym";
				ENABLE_NS_ASSERTIONS = NO;
				ENABLE_STRICT_OBJC_MSGSEND = YES;
				GCC_C_LANGUAGE_STANDARD = gnu11;
				GCC_NO_COMMON_BLOCKS = YES;
				GCC_WARN_64_TO_32_BIT_CONVERSION = YES;
				GCC_WARN_ABOUT_RETURN_TYPE = YES_ERROR;
				GCC_WARN_UNDECLARED_SELECTOR = YES;
				GCC_WARN_UNINITIALIZED_AUTOS = YES_AGGRESSIVE;
				GCC_WARN_UNUSED_FUNCTION = YES;
				GCC_WARN_UNUSED_VARIABLE = YES;
				IPHONEOS_DEPLOYMENT_TARGET = 13.6;
				MTL_ENABLE_DEBUG_INFO = NO;
				MTL_FAST_MATH = YES;
				SDKROOT = iphoneos;
				SWIFT_COMPILATION_MODE = wholemodule;
				SWIFT_OPTIMIZATION_LEVEL = "-O";
				VALIDATE_PRODUCT = YES;
			};
			name = Release;
		};
		8AF1637224F971A70021E1D7 /* Debug */ = {
			isa = XCBuildConfiguration;
			baseConfigurationReference = 8E367BA558D957A318470536 /* Pods-CurrentWeather.debug.xcconfig */;
			buildSettings = {
				ASSETCATALOG_COMPILER_APPICON_NAME = AppIcon;
				CODE_SIGN_STYLE = Automatic;
				DEVELOPMENT_TEAM = Y5T9M7FM4M;
				INFOPLIST_FILE = CurrentWeather/Info.plist;
				IPHONEOS_DEPLOYMENT_TARGET = 11.0;
				LD_RUNPATH_SEARCH_PATHS = (
					"$(inherited)",
					"@executable_path/Frameworks",
				);
				PRODUCT_BUNDLE_IDENTIFIER = com.example.CurrentWeather;
				PRODUCT_NAME = "$(TARGET_NAME)";
				SWIFT_VERSION = 5.0;
				TARGETED_DEVICE_FAMILY = "1,2";
			};
			name = Debug;
		};
		8AF1637324F971A70021E1D7 /* Release */ = {
			isa = XCBuildConfiguration;
			baseConfigurationReference = 18AB14659F7594FF0D9D477E /* Pods-CurrentWeather.release.xcconfig */;
			buildSettings = {
				ASSETCATALOG_COMPILER_APPICON_NAME = AppIcon;
				CODE_SIGN_STYLE = Automatic;
				DEVELOPMENT_TEAM = Y5T9M7FM4M;
				INFOPLIST_FILE = CurrentWeather/Info.plist;
				IPHONEOS_DEPLOYMENT_TARGET = 11.0;
				LD_RUNPATH_SEARCH_PATHS = (
					"$(inherited)",
					"@executable_path/Frameworks",
				);
				PRODUCT_BUNDLE_IDENTIFIER = com.example.CurrentWeather;
				PRODUCT_NAME = "$(TARGET_NAME)";
				SWIFT_VERSION = 5.0;
				TARGETED_DEVICE_FAMILY = "1,2";
			};
			name = Release;
		};
		8AF1637524F971A70021E1D7 /* Debug */ = {
			isa = XCBuildConfiguration;
			baseConfigurationReference = 3A54BDC2B3F410E0EB4551DE /* Pods-CurrentWeatherTests.debug.xcconfig */;
			buildSettings = {
				ALWAYS_EMBED_SWIFT_STANDARD_LIBRARIES = YES;
				BUNDLE_LOADER = "$(TEST_HOST)";
				CODE_SIGN_STYLE = Automatic;
				DEVELOPMENT_TEAM = Y5T9M7FM4M;
				INFOPLIST_FILE = CurrentWeatherTests/Info.plist;
				IPHONEOS_DEPLOYMENT_TARGET = 13.6;
				LD_RUNPATH_SEARCH_PATHS = (
					"$(inherited)",
					"@executable_path/Frameworks",
					"@loader_path/Frameworks",
				);
				PRODUCT_BUNDLE_IDENTIFIER = com.example.CurrentWeatherTests;
				PRODUCT_NAME = "$(TARGET_NAME)";
				SWIFT_VERSION = 5.0;
				TARGETED_DEVICE_FAMILY = "1,2";
				TEST_HOST = "$(BUILT_PRODUCTS_DIR)/CurrentWeather.app/CurrentWeather";
			};
			name = Debug;
		};
		8AF1637624F971A70021E1D7 /* Release */ = {
			isa = XCBuildConfiguration;
			baseConfigurationReference = 630BB2B5E5984E2E380BF456 /* Pods-CurrentWeatherTests.release.xcconfig */;
			buildSettings = {
				ALWAYS_EMBED_SWIFT_STANDARD_LIBRARIES = YES;
				BUNDLE_LOADER = "$(TEST_HOST)";
				CODE_SIGN_STYLE = Automatic;
				DEVELOPMENT_TEAM = Y5T9M7FM4M;
				INFOPLIST_FILE = CurrentWeatherTests/Info.plist;
				IPHONEOS_DEPLOYMENT_TARGET = 13.6;
				LD_RUNPATH_SEARCH_PATHS = (
					"$(inherited)",
					"@executable_path/Frameworks",
					"@loader_path/Frameworks",
				);
				PRODUCT_BUNDLE_IDENTIFIER = com.example.CurrentWeatherTests;
				PRODUCT_NAME = "$(TARGET_NAME)";
				SWIFT_VERSION = 5.0;
				TARGETED_DEVICE_FAMILY = "1,2";
				TEST_HOST = "$(BUILT_PRODUCTS_DIR)/CurrentWeather.app/CurrentWeather";
			};
			name = Release;
		};
		8AF1637824F971A70021E1D7 /* Debug */ = {
			isa = XCBuildConfiguration;
			baseConfigurationReference = BA5166023A946A7FF8336B96 /* Pods-CurrentWeather-CurrentWeatherUITests.debug.xcconfig */;
			buildSettings = {
				ALWAYS_EMBED_SWIFT_STANDARD_LIBRARIES = YES;
				CODE_SIGN_STYLE = Automatic;
				DEVELOPMENT_TEAM = Y5T9M7FM4M;
				INFOPLIST_FILE = CurrentWeatherUITests/Info.plist;
				LD_RUNPATH_SEARCH_PATHS = (
					"$(inherited)",
					"@executable_path/Frameworks",
					"@loader_path/Frameworks",
				);
				PRODUCT_BUNDLE_IDENTIFIER = com.example.CurrentWeatherUITests;
				PRODUCT_NAME = "$(TARGET_NAME)";
				SWIFT_VERSION = 5.0;
				TARGETED_DEVICE_FAMILY = "1,2";
				TEST_TARGET_NAME = CurrentWeather;
			};
			name = Debug;
		};
		8AF1637924F971A70021E1D7 /* Release */ = {
			isa = XCBuildConfiguration;
			baseConfigurationReference = 4B49E20A072A0B167E85DB47 /* Pods-CurrentWeather-CurrentWeatherUITests.release.xcconfig */;
			buildSettings = {
				ALWAYS_EMBED_SWIFT_STANDARD_LIBRARIES = YES;
				CODE_SIGN_STYLE = Automatic;
				DEVELOPMENT_TEAM = Y5T9M7FM4M;
				INFOPLIST_FILE = CurrentWeatherUITests/Info.plist;
				LD_RUNPATH_SEARCH_PATHS = (
					"$(inherited)",
					"@executable_path/Frameworks",
					"@loader_path/Frameworks",
				);
				PRODUCT_BUNDLE_IDENTIFIER = com.example.CurrentWeatherUITests;
				PRODUCT_NAME = "$(TARGET_NAME)";
				SWIFT_VERSION = 5.0;
				TARGETED_DEVICE_FAMILY = "1,2";
				TEST_TARGET_NAME = CurrentWeather;
			};
			name = Release;
		};
/* End XCBuildConfiguration section */

/* Begin XCConfigurationList section */
		8AF1634224F9719E0021E1D7 /* Build configuration list for PBXProject "CurrentWeather" */ = {
			isa = XCConfigurationList;
			buildConfigurations = (
				8AF1636F24F971A70021E1D7 /* Debug */,
				8AF1637024F971A70021E1D7 /* Release */,
			);
			defaultConfigurationIsVisible = 0;
			defaultConfigurationName = Release;
		};
		8AF1637124F971A70021E1D7 /* Build configuration list for PBXNativeTarget "CurrentWeather" */ = {
			isa = XCConfigurationList;
			buildConfigurations = (
				8AF1637224F971A70021E1D7 /* Debug */,
				8AF1637324F971A70021E1D7 /* Release */,
			);
			defaultConfigurationIsVisible = 0;
			defaultConfigurationName = Release;
		};
		8AF1637424F971A70021E1D7 /* Build configuration list for PBXNativeTarget "CurrentWeatherTests" */ = {
			isa = XCConfigurationList;
			buildConfigurations = (
				8AF1637524F971A70021E1D7 /* Debug */,
				8AF1637624F971A70021E1D7 /* Release */,
			);
			defaultConfigurationIsVisible = 0;
			defaultConfigurationName = Release;
		};
		8AF1637724F971A70021E1D7 /* Build configuration list for PBXNativeTarget "CurrentWeatherUITests" */ = {
			isa = XCConfigurationList;
			buildConfigurations = (
				8AF1637824F971A70021E1D7 /* Debug */,
				8AF1637924F971A70021E1D7 /* Release */,
			);
			defaultConfigurationIsVisible = 0;
			defaultConfigurationName = Release;
		};
/* End XCConfigurationList section */
	};
	rootObject = 8AF1633F24F9719E0021E1D7 /* Project object */;
}
